
Microsoft Visual Studio Solution File, Format Version 12.00
# Visual Studio Version 18
VisualStudioVersion = 18.10.12201.205
MinimumVisualStudioVersion = 10.0.40219.1
Project("{2150E333-8FDC-42A3-9474-1A3956D46DE8}") = "src", "src", "{827E0CD3-B72D-47B6-A68D-7590B98EB39B}"
EndProject
Project("{FAE04EC0-301F-11D3-BF4B-00C04F79EFBC}") = "OkiRomSim.Core", "src\OkiRomSim.Core\OkiRomSim.Core.csproj", "{A944A37B-DDE6-4E8F-8BCE-5C34BF1A2AF2}"
EndProject
Project("{FAE04EC0-301F-11D3-BF4B-00C04F79EFBC}") = "OkiRomSim.Assembler", "src\OkiRomSim.Assembler\OkiRomSim.Assembler.csproj", "{5100AC87-1F71-4C92-95DE-C9C8EFB2B873}"
EndProject
Project("{FAE04EC0-301F-11D3-BF4B-00C04F79EFBC}") = "OkiRomSim.Cli", "src\OkiRomSim.Cli\OkiRomSim.Cli.csproj", "{E73CA9BC-BD39-4B4B-A060-DB8344DD283B}"
EndProject
Project("{FAE04EC0-301F-11D3-BF4B-00C04F79EFBC}") = "OkiRomSim.Calibration", "src\OkiRomSim.Calibration\OkiRomSim.Calibration.csproj", "{FE9E8D3A-1672-40BE-8B2E-367A0DF0AB84}"
EndProject
Project("{FAE04EC0-301F-11D3-BF4B-00C04F79EFBC}") = "OkiRomSim.Desktop", "src\OkiRomSim.Desktop\OkiRomSim.Desktop.csproj", "{118754A0-4F20-41D9-87CD-7BE77D812EFE}"
EndProject
Project("{FAE04EC0-301F-11D3-BF4B-00C04F79EFBC}") = "OkiRomSim.Mcp", "src\OkiRomSim.Mcp\OkiRomSim.Mcp.csproj", "{B8955DD4-EE14-45CF-9FD8-5244C4F6D97D}"
EndProject
Project("{FAE04EC0-301F-11D3-BF4B-00C04F79EFBC}") = "OkiRomSim.McpHost", "src\OkiRomSim.McpHost\OkiRomSim.McpHost.csproj", "{1D04C33D-DCAF-4889-99DE-8446CEE2248A}"
EndProject
Project("{2150E333-8FDC-42A3-9474-1A3956D46DE8}") = "Plugins", "Plugins", "{07D57EEB-2F50-60C4-C011-FE4FA775C9A8}"
EndProject
Project("{FAE04EC0-301F-11D3-BF4B-00C04F79EFBC}") = "ScanTool", "src\Plugins\ScanTool\ScanTool.csproj", "{00F91519-D02E-470A-BFDE-E64655B1F11E}"
EndProject
Global
	GlobalSection(SolutionConfigurationPlatforms) = preSolution
		Debug|Any CPU = Debug|Any CPU
		Debug|x64 = Debug|x64
		Debug|x86 = Debug|x86
		Release|Any CPU = Release|Any CPU
		Release|x64 = Release|x64
		Release|x86 = Release|x86
	EndGlobalSection
	GlobalSection(ProjectConfigurationPlatforms) = postSolution
		{A944A37B-DDE6-4E8F-8BCE-5C34BF1A2AF2}.Debug|Any CPU.ActiveCfg = Debug|Any CPU
		{A944A37B-DDE6-4E8F-8BCE-5C34BF1A2AF2}.Debug|Any CPU.Build.0 = Debug|Any CPU
		{A944A37B-DDE6-4E8F-8BCE-5C34BF1A2AF2}.Debug|x64.ActiveCfg = Debug|Any CPU
		{A944A37B-DDE6-4E8F-8BCE-5C34BF1A2AF2}.Debug|x64.Build.0 = Debug|Any CPU
		{A944A37B-DDE6-4E8F-8BCE-5C34BF1A2AF2}.Debug|x86.ActiveCfg = Debug|Any CPU
		{A944A37B-DDE6-4E8F-8BCE-5C34BF1A2AF2}.Debug|x86.Build.0 = Debug|Any CPU
		{A944A37B-DDE6-4E8F-8BCE-5C34BF1A2AF2}.Release|Any CPU.ActiveCfg = Release|Any CPU
		{A944A37B-DDE6-4E8F-8BCE-5C34BF1A2AF2}.Release|Any CPU.Build.0 = Release|Any CPU
		{A944A37B-DDE6-4E8F-8BCE-5C34BF1A2AF2}.Release|x64.ActiveCfg = Release|Any CPU
		{A944A37B-DDE6-4E8F-8BCE-5C34BF1A2AF2}.Release|x64.Build.0 = Release|Any CPU
		{A944A37B-DDE6-4E8F-8BCE-5C34BF1A2AF2}.Release|x86.ActiveCfg = Release|Any CPU
		{A944A37B-DDE6-4E8F-8BCE-5C34BF1A2AF2}.Release|x86.Build.0 = Release|Any CPU
		{5100AC87-1F71-4C92-95DE-C9C8EFB2B873}.Debug|Any CPU.ActiveCfg = Debug|Any CPU
		{5100AC87-1F71-4C92-95DE-C9C8EFB2B873}.Debug|Any CPU.Build.0 = Debug|Any CPU
		{5100AC87-1F71-4C92-95DE-C9C8EFB2B873}.Debug|x64.ActiveCfg = Debug|Any CPU
		{5100AC87-1F71-4C92-95DE-C9C8EFB2B873}.Debug|x64.Build.0 = Debug|Any CPU
		{5100AC87-1F71-4C92-95DE-C9C8EFB2B873}.Debug|x86.ActiveCfg = Debug|Any CPU
		{5100AC87-1F71-4C92-95DE-C9C8EFB2B873}.Debug|x86.Build.0 = Debug|Any CPU
		{5100AC87-1F71-4C92-95DE-C9C8EFB2B873}.Release|Any CPU.ActiveCfg = Release|Any CPU
		{5100AC87-1F71-4C92-95DE-C9C8EFB2B873}.Release|Any CPU.Build.0 = Release|Any CPU
		{5100AC87-1F71-4C92-95DE-C9C8EFB2B873}.Release|x64.ActiveCfg = Release|Any CPU
		{5100AC87-1F71-4C92-95DE-C9C8EFB2B873}.Release|x64.Build.0 = Release|Any CPU
		{5100AC87-1F71-4C92-95DE-C9C8EFB2B873}.Release|x86.ActiveCfg = Release|Any CPU
		{5100AC87-1F71-4C92-95DE-C9C8EFB2B873}.Release|x86.Build.0 = Release|Any CPU
		{E73CA9BC-BD39-4B4B-A060-DB8344DD283B}.Debug|Any CPU.ActiveCfg = Debug|Any CPU
		{E73CA9BC-BD39-4B4B-A060-DB8344DD283B}.Debug|Any CPU.Build.0 = Debug|Any CPU
		{E73CA9BC-BD39-4B4B-A060-DB8344DD283B}.Debug|x64.ActiveCfg = Debug|Any CPU
		{E73CA9BC-BD39-4B4B-A060-DB8344DD283B}.Debug|x64.Build.0 = Debug|Any CPU
		{E73CA9BC-BD39-4B4B-A060-DB8344DD283B}.Debug|x86.ActiveCfg = Debug|Any CPU
		{E73CA9BC-BD39-4B4B-A060-DB8344DD283B}.Debug|x86.Build.0 = Debug|Any CPU
		{E73CA9BC-BD39-4B4B-A060-DB8344DD283B}.Release|Any CPU.ActiveCfg = Release|Any CPU
		{E73CA9BC-BD39-4B4B-A060-DB8344DD283B}.Release|Any CPU.Build.0 = Release|Any CPU
		{E73CA9BC-BD39-4B4B-A060-DB8344DD283B}.Release|x64.ActiveCfg = Release|Any CPU
		{E73CA9BC-BD39-4B4B-A060-DB8344DD283B}.Release|x64.Build.0 = Release|Any CPU
		{E73CA9BC-BD39-4B4B-A060-DB8344DD283B}.Release|x86.ActiveCfg = Release|Any CPU
		{E73CA9BC-BD39-4B4B-A060-DB8344DD283B}.Release|x86.Build.0 = Release|Any CPU
		{FE9E8D3A-1672-40BE-8B2E-367A0DF0AB84}.Debug|Any CPU.ActiveCfg = Debug|Any CPU
		{FE9E8D3A-1672-40BE-8B2E-367A0DF0AB84}.Debug|Any CPU.Build.0 = Debug|Any CPU
		{FE9E8D3A-1672-40BE-8B2E-367A0DF0AB84}.Debug|x64.ActiveCfg = Debug|Any CPU
		{FE9E8D3A-1672-40BE-8B2E-367A0DF0AB84}.Debug|x64.Build.0 = Debug|Any CPU
		{FE9E8D3A-1672-40BE-8B2E-367A0DF0AB84}.Debug|x86.ActiveCfg = Debug|Any CPU
		{FE9E8D3A-1672-40BE-8B2E-367A0DF0AB84}.Debug|x86.Build.0 = Debug|Any CPU
		{FE9E8D3A-1672-40BE-8B2E-367A0DF0AB84}.Release|Any CPU.ActiveCfg = Release|Any CPU
		{FE9E8D3A-1672-40BE-8B2E-367A0DF0AB84}.Release|Any CPU.Build.0 = Release|Any CPU
		{FE9E8D3A-1672-40BE-8B2E-367A0DF0AB84}.Release|x64.ActiveCfg = Release|Any CPU
		{FE9E8D3A-1672-40BE-8B2E-367A0DF0AB84}.Release|x64.Build.0 = Release|Any CPU
		{FE9E8D3A-1672-40BE-8B2E-367A0DF0AB84}.Release|x86.ActiveCfg = Release|Any CPU
		{FE9E8D3A-1672-40BE-8B2E-367A0DF0AB84}.Release|x86.Build.0 = Release|Any CPU
		{118754A0-4F20-41D9-87CD-7BE77D812EFE}.Debug|Any CPU.ActiveCfg = Debug|Any CPU
		{118754A0-4F20-41D9-87CD-7BE77D812EFE}.Debug|Any CPU.Build.0 = Debug|Any CPU
		{118754A0-4F20-41D9-87CD-7BE77D812EFE}.Debug|x64.ActiveCfg = Debug|Any CPU
		{118754A0-4F20-41D9-87CD-7BE77D812EFE}.Debug|x64.Build.0 = Debug|Any CPU
		{118754A0-4F20-41D9-87CD-7BE77D812EFE}.Debug|x86.ActiveCfg = Debug|Any CPU
		{118754A0-4F20-41D9-87CD-7BE77D812EFE}.Debug|x86.Build.0 = Debug|Any CPU
		{118754A0-4F20-41D9-87CD-7BE77D812EFE}.Release|Any CPU.ActiveCfg = Release|Any CPU
		{118754A0-4F20-41D9-87CD-7BE77D812EFE}.Release|Any CPU.Build.0 = Release|Any CPU
		{118754A0-4F20-41D9-87CD-7BE77D812EFE}.Release|x64.ActiveCfg = Release|Any CPU
		{118754A0-4F20-41D9-87CD-7BE77D812EFE}.Release|x64.Build.0 = Release|Any CPU
		{118754A0-4F20-41D9-87CD-7BE77D812EFE}.Release|x86.ActiveCfg = Release|Any CPU
		{118754A0-4F20-41D9-87CD-7BE77D812EFE}.Release|x86.Build.0 = Release|Any CPU
		{B8955DD4-EE14-45CF-9FD8-5244C4F6D97D}.Debug|Any CPU.ActiveCfg = Debug|Any CPU
		{B8955DD4-EE14-45CF-9FD8-5244C4F6D97D}.Debug|Any CPU.Build.0 = Debug|Any CPU
		{B8955DD4-EE14-45CF-9FD8-5244C4F6D97D}.Debug|x64.ActiveCfg = Debug|Any CPU
		{B8955DD4-EE14-45CF-9FD8-5244C4F6D97D}.Debug|x64.Build.0 = Debug|Any CPU
		{B8955DD4-EE14-45CF-9FD8-5244C4F6D97D}.Debug|x86.ActiveCfg = Debug|Any CPU
		{B8955DD4-EE14-45CF-9FD8-5244C4F6D97D}.Debug|x86.Build.0 = Debug|Any CPU
		{B8955DD4-EE14-45CF-9FD8-5244C4F6D97D}.Release|Any CPU.ActiveCfg = Release|Any CPU
		{B8955DD4-EE14-45CF-9FD8-5244C4F6D97D}.Release|Any CPU.Build.0 = Release|Any CPU
		{B8955DD4-EE14-45CF-9FD8-5244C4F6D97D}.Release|x64.ActiveCfg = Release|Any CPU
		{B8955DD4-EE14-45CF-9FD8-5244C4F6D97D}.Release|x64.Build.0 = Release|Any CPU
		{B8955DD4-EE14-45CF-9FD8-5244C4F6D97D}.Release|x86.ActiveCfg = Release|Any CPU
		{B8955DD4-EE14-45CF-9FD8-5244C4F6D97D}.Release|x86.Build.0 = Release|Any CPU
		{1D04C33D-DCAF-4889-99DE-8446CEE2248A}.Debug|Any CPU.ActiveCfg = Debug|Any CPU
		{1D04C33D-DCAF-4889-99DE-8446CEE2248A}.Debug|Any CPU.Build.0 = Debug|Any CPU
		{1D04C33D-DCAF-4889-99DE-8446CEE2248A}.Debug|x64.ActiveCfg = Debug|Any CPU
		{1D04C33D-DCAF-4889-99DE-8446CEE2248A}.Debug|x64.Build.0 = Debug|Any CPU
		{1D04C33D-DCAF-4889-99DE-8446CEE2248A}.Debug|x86.ActiveCfg = Debug|Any CPU
		{1D04C33D-DCAF-4889-99DE-8446CEE2248A}.Debug|x86.Build.0 = Debug|Any CPU
		{1D04C33D-DCAF-4889-99DE-8446CEE2248A}.Release|Any CPU.ActiveCfg = Release|Any CPU
		{1D04C33D-DCAF-4889-99DE-8446CEE2248A}.Release|Any CPU.Build.0 = Release|Any CPU
		{1D04C33D-DCAF-4889-99DE-8446CEE2248A}.Release|x64.ActiveCfg = Release|Any CPU
		{1D04C33D-DCAF-4889-99DE-8446CEE2248A}.Release|x64.Build.0 = Release|Any CPU
		{1D04C33D-DCAF-4889-99DE-8446CEE2248A}.Release|x86.ActiveCfg = Release|Any CPU
		{1D04C33D-DCAF-4889-99DE-8446CEE2248A}.Release|x86.Build.0 = Release|Any CPU
		{00F91519-D02E-470A-BFDE-E64655B1F11E}.Debug|Any CPU.ActiveCfg = Debug|Any CPU
		{00F91519-D02E-470A-BFDE-E64655B1F11E}.Debug|Any CPU.Build.0 = Debug|Any CPU
		{00F91519-D02E-470A-BFDE-E64655B1F11E}.Debug|x64.ActiveCfg = Debug|Any CPU
		{00F91519-D02E-470A-BFDE-E64655B1F11E}.Debug|x64.Build.0 = Debug|Any CPU
		{00F91519-D02E-470A-BFDE-E64655B1F11E}.Debug|x86.ActiveCfg = Debug|Any CPU
		{00F91519-D02E-470A-BFDE-E64655B1F11E}.Debug|x86.Build.0 = Debug|Any CPU
		{00F91519-D02E-470A-BFDE-E64655B1F11E}.Release|Any CPU.ActiveCfg = Release|Any CPU
		{00F91519-D02E-470A-BFDE-E64655B1F11E}.Release|Any CPU.Build.0 = Release|Any CPU
		{00F91519-D02E-470A-BFDE-E64655B1F11E}.Release|x64.ActiveCfg = Release|Any CPU
		{00F91519-D02E-470A-BFDE-E64655B1F11E}.Release|x64.Build.0 = Release|Any CPU
		{00F91519-D02E-470A-BFDE-E64655B1F11E}.Release|x86.ActiveCfg = Release|Any CPU
		{00F91519-D02E-470A-BFDE-E64655B1F11E}.Release|x86.Build.0 = Release|Any CPU
	EndGlobalSection
	GlobalSection(SolutionProperties) = preSolution
		HideSolutionNode = FALSE
	EndGlobalSection
	GlobalSection(NestedProjects) = preSolution
		{A944A37B-DDE6-4E8F-8BCE-5C34BF1A2AF2} = {827E0CD3-B72D-47B6-A68D-7590B98EB39B}
		{5100AC87-1F71-4C92-95DE-C9C8EFB2B873} = {827E0CD3-B72D-47B6-A68D-7590B98EB39B}
		{E73CA9BC-BD39-4B4B-A060-DB8344DD283B} = {827E0CD3-B72D-47B6-A68D-7590B98EB39B}
		{FE9E8D3A-1672-40BE-8B2E-367A0DF0AB84} = {827E0CD3-B72D-47B6-A68D-7590B98EB39B}
		{118754A0-4F20-41D9-87CD-7BE77D812EFE} = {827E0CD3-B72D-47B6-A68D-7590B98EB39B}
		{00F91519-D02E-470A-BFDE-E64655B1F11E} = {07D57EEB-2F50-60C4-C011-FE4FA775C9A8}
	EndGlobalSection
EndGlobal
